
Microsoft Visual Studio Solution File, Format Version 12.00
# Visual Studio Version 17
VisualStudioVersion = 17.14.36401.2
MinimumVisualStudioVersion = 10.0.40219.1
Project("{2150E333-8FDC-42A3-9474-1A3956D46DE8}") = "TP01", "TP01", "{02EA681E-C7D8-13C7-8484-4AC65E1B71E8}"
EndProject
Project("{FAE04EC0-301F-11D3-BF4B-00C04F79EFBC}") = "EJ01", "EJ01\EJ01.csproj", "{EDF3066C-BDE0-47F4-AB63-4AF13F9E70F0}"
EndProject
Project("{FAE04EC0-301F-11D3-BF4B-00C04F79EFBC}") = "EJ02", "EJ02\EJ02.csproj", "{772CD8E0-C9D3-48E7-BAF8-9E3310DE607A}"
EndProject
Project("{FAE04EC0-301F-11D3-BF4B-00C04F79EFBC}") = "EJ03", "EJ03\EJ03.csproj", "{45AB7DC6-0256-4B60-A735-B8B0E39899D1}"
EndProject
Project("{FAE04EC0-301F-11D3-BF4B-00C04F79EFBC}") = "EJ04", "EJ04\EJ04.csproj", "{CA070165-E2DE-4730-95E3-557499AD825D}"
EndProject
Project("{FAE04EC0-301F-11D3-BF4B-00C04F79EFBC}") = "EJ05", "EJ05\EJ05.csproj", "{E0ED1085-87AB-46FA-BCF1-5BE4EC631A40}"
EndProject
Project("{FAE04EC0-301F-11D3-BF4B-00C04F79EFBC}") = "EJ06", "EJ06\EJ06.csproj", "{77947503-B63C-493D-8175-EB4AE46B555E}"
EndProject
Global
	GlobalSection(SolutionConfigurationPlatforms) = preSolution
		Debug|Any CPU = Debug|Any CPU
		Release|Any CPU = Release|Any CPU
	EndGlobalSection
	GlobalSection(ProjectConfigurationPlatforms) = postSolution
		{EDF3066C-BDE0-47F4-AB63-4AF13F9E70F0}.Debug|Any CPU.ActiveCfg = Debug|Any CPU
		{EDF3066C-BDE0-47F4-AB63-4AF13F9E70F0}.Debug|Any CPU.Build.0 = Debug|Any CPU
		{EDF3066C-BDE0-47F4-AB63-4AF13F9E70F0}.Release|Any CPU.ActiveCfg = Release|Any CPU
		{EDF3066C-BDE0-47F4-AB63-4AF13F9E70F0}.Release|Any CPU.Build.0 = Release|Any CPU
		{772CD8E0-C9D3-48E7-BAF8-9E3310DE607A}.Debug|Any CPU.ActiveCfg = Debug|Any CPU
		{772CD8E0-C9D3-48E7-BAF8-9E3310DE607A}.Debug|Any CPU.Build.0 = Debug|Any CPU
		{772CD8E0-C9D3-48E7-BAF8-9E3310DE607A}.Release|Any CPU.ActiveCfg = Release|Any CPU
		{772CD8E0-C9D3-48E7-BAF8-9E3310DE607A}.Release|Any CPU.Build.0 = Release|Any CPU
		{45AB7DC6-0256-4B60-A735-B8B0E39899D1}.Debug|Any CPU.ActiveCfg = Debug|Any CPU
		{45AB7DC6-0256-4B60-A735-B8B0E39899D1}.Debug|Any CPU.Build.0 = Debug|Any CPU
		{45AB7DC6-0256-4B60-A735-B8B0E39899D1}.Release|Any CPU.ActiveCfg = Release|Any CPU
		{45AB7DC6-0256-4B60-A735-B8B0E39899D1}.Release|Any CPU.Build.0 = Release|Any CPU
		{CA070165-E2DE-4730-95E3-557499AD825D}.Debug|Any CPU.ActiveCfg = Debug|Any CPU
		{CA070165-E2DE-4730-95E3-557499AD825D}.Debug|Any CPU.Build.0 = Debug|Any CPU
		{CA070165-E2DE-4730-95E3-557499AD825D}.Release|Any CPU.ActiveCfg = Release|Any CPU
		{CA070165-E2DE-4730-95E3-557499AD825D}.Release|Any CPU.Build.0 = Release|Any CPU
		{E0ED1085-87AB-46FA-BCF1-5BE4EC631A40}.Debug|Any CPU.ActiveCfg = Debug|Any CPU
		{E0ED1085-87AB-46FA-BCF1-5BE4EC631A40}.Debug|Any CPU.Build.0 = Debug|Any CPU
		{E0ED1085-87AB-46FA-BCF1-5BE4EC631A40}.Release|Any CPU.ActiveCfg = Release|Any CPU
		{E0ED1085-87AB-46FA-BCF1-5BE4EC631A40}.Release|Any CPU.Build.0 = Release|Any CPU
		{77947503-B63C-493D-8175-EB4AE46B555E}.Debug|Any CPU.ActiveCfg = Debug|Any CPU
		{77947503-B63C-493D-8175-EB4AE46B555E}.Debug|Any CPU.Build.0 = Debug|Any CPU
		{77947503-B63C-493D-8175-EB4AE46B555E}.Release|Any CPU.ActiveCfg = Release|Any CPU
		{77947503-B63C-493D-8175-EB4AE46B555E}.Release|Any CPU.Build.0 = Release|Any CPU
	EndGlobalSection
	GlobalSection(SolutionProperties) = preSolution
		HideSolutionNode = FALSE
	EndGlobalSection
	GlobalSection(NestedProjects) = preSolution
		{EDF3066C-BDE0-47F4-AB63-4AF13F9E70F0} = {02EA681E-C7D8-13C7-8484-4AC65E1B71E8}
		{772CD8E0-C9D3-48E7-BAF8-9E3310DE607A} = {02EA681E-C7D8-13C7-8484-4AC65E1B71E8}
		{45AB7DC6-0256-4B60-A735-B8B0E39899D1} = {02EA681E-C7D8-13C7-8484-4AC65E1B71E8}
		{CA070165-E2DE-4730-95E3-557499AD825D} = {02EA681E-C7D8-13C7-8484-4AC65E1B71E8}
		{E0ED1085-87AB-46FA-BCF1-5BE4EC631A40} = {02EA681E-C7D8-13C7-8484-4AC65E1B71E8}
		{77947503-B63C-493D-8175-EB4AE46B555E} = {02EA681E-C7D8-13C7-8484-4AC65E1B71E8}
	EndGlobalSection
	GlobalSection(ExtensibilityGlobals) = postSolution
		SolutionGuid = {1EE71410-DF5E-4905-A7AD-80C6D9AB76EB}
	EndGlobalSection
EndGlobal
